
Microsoft Visual Studio Solution File, Format Version 12.00
# Visual Studio Version 17
VisualStudioVersion = 17.6.33712.159
MinimumVisualStudioVersion = 10.0.40219.1
Project("{2150E333-8FDC-42A3-9474-1A3956D46DE8}") = "src", "src", "{3DEDD313-B0E2-40A5-8F98-4DD9E3F88E74}"
EndProject
Project("{2150E333-8FDC-42A3-9474-1A3956D46DE8}") = "Api", "Api", "{3B3558C6-38DF-44EE-9A80-407C181AFF3D}"
EndProject
Project("{2150E333-8FDC-42A3-9474-1A3956D46DE8}") = "Application", "Application", "{5A9EAC18-0A4F-4E26-B659-7786F608B04E}"
EndProject
Project("{2150E333-8FDC-42A3-9474-1A3956D46DE8}") = "Data", "Data", "{F9775AE7-6CDD-4F42-9B5C-B3B612062835}"
EndProject
Project("{2150E333-8FDC-42A3-9474-1A3956D46DE8}") = "Domain", "Domain", "{222BFA12-3973-4D94-8D79-8AF26EBBBC74}"
EndProject
Project("{FAE04EC0-301F-11D3-BF4B-00C04F79EFBC}") = "Product.Api", "Product.Api\Product.Api.csproj", "{6871C0E4-2F45-484A-A5B9-91D133A580B4}"
EndProject
Project("{FAE04EC0-301F-11D3-BF4B-00C04F79EFBC}") = "Product.Application", "Product.Application\Product.Application.csproj", "{2309485A-1C3C-4407-9DEA-4A6A2021EA01}"
EndProject
Project("{FAE04EC0-301F-11D3-BF4B-00C04F79EFBC}") = "Product.Data", "Product.Data\Product.Data.csproj", "{ACCD92E2-F9C3-4848-A01C-FF8990C3C067}"
EndProject
Project("{FAE04EC0-301F-11D3-BF4B-00C04F79EFBC}") = "Product.Domain", "Product.Domain\Product.Domain.csproj", "{F69B4AC8-7B68-421E-A0D0-3F131E6C558C}"
EndProject
Global
	GlobalSection(SolutionConfigurationPlatforms) = preSolution
		Debug|Any CPU = Debug|Any CPU
		Release|Any CPU = Release|Any CPU
	EndGlobalSection
	GlobalSection(ProjectConfigurationPlatforms) = postSolution
		{6871C0E4-2F45-484A-A5B9-91D133A580B4}.Debug|Any CPU.ActiveCfg = Debug|Any CPU
		{6871C0E4-2F45-484A-A5B9-91D133A580B4}.Debug|Any CPU.Build.0 = Debug|Any CPU
		{6871C0E4-2F45-484A-A5B9-91D133A580B4}.Release|Any CPU.ActiveCfg = Release|Any CPU
		{6871C0E4-2F45-484A-A5B9-91D133A580B4}.Release|Any CPU.Build.0 = Release|Any CPU
		{2309485A-1C3C-4407-9DEA-4A6A2021EA01}.Debug|Any CPU.ActiveCfg = Debug|Any CPU
		{2309485A-1C3C-4407-9DEA-4A6A2021EA01}.Debug|Any CPU.Build.0 = Debug|Any CPU
		{2309485A-1C3C-4407-9DEA-4A6A2021EA01}.Release|Any CPU.ActiveCfg = Release|Any CPU
		{2309485A-1C3C-4407-9DEA-4A6A2021EA01}.Release|Any CPU.Build.0 = Release|Any CPU
		{ACCD92E2-F9C3-4848-A01C-FF8990C3C067}.Debug|Any CPU.ActiveCfg = Debug|Any CPU
		{ACCD92E2-F9C3-4848-A01C-FF8990C3C067}.Debug|Any CPU.Build.0 = Debug|Any CPU
		{ACCD92E2-F9C3-4848-A01C-FF8990C3C067}.Release|Any CPU.ActiveCfg = Release|Any CPU
		{ACCD92E2-F9C3-4848-A01C-FF8990C3C067}.Release|Any CPU.Build.0 = Release|Any CPU
		{F69B4AC8-7B68-421E-A0D0-3F131E6C558C}.Debug|Any CPU.ActiveCfg = Debug|Any CPU
		{F69B4AC8-7B68-421E-A0D0-3F131E6C558C}.Debug|Any CPU.Build.0 = Debug|Any CPU
		{F69B4AC8-7B68-421E-A0D0-3F131E6C558C}.Release|Any CPU.ActiveCfg = Release|Any CPU
		{F69B4AC8-7B68-421E-A0D0-3F131E6C558C}.Release|Any CPU.Build.0 = Release|Any CPU
	EndGlobalSection
	GlobalSection(SolutionProperties) = preSolution
		HideSolutionNode = FALSE
	EndGlobalSection
	GlobalSection(NestedProjects) = preSolution
		{3B3558C6-38DF-44EE-9A80-407C181AFF3D} = {3DEDD313-B0E2-40A5-8F98-4DD9E3F88E74}
		{5A9EAC18-0A4F-4E26-B659-7786F608B04E} = {3DEDD313-B0E2-40A5-8F98-4DD9E3F88E74}
		{F9775AE7-6CDD-4F42-9B5C-B3B612062835} = {3DEDD313-B0E2-40A5-8F98-4DD9E3F88E74}
		{222BFA12-3973-4D94-8D79-8AF26EBBBC74} = {3DEDD313-B0E2-40A5-8F98-4DD9E3F88E74}
		{6871C0E4-2F45-484A-A5B9-91D133A580B4} = {3B3558C6-38DF-44EE-9A80-407C181AFF3D}
		{2309485A-1C3C-4407-9DEA-4A6A2021EA01} = {5A9EAC18-0A4F-4E26-B659-7786F608B04E}
		{ACCD92E2-F9C3-4848-A01C-FF8990C3C067} = {F9775AE7-6CDD-4F42-9B5C-B3B612062835}
		{F69B4AC8-7B68-421E-A0D0-3F131E6C558C} = {222BFA12-3973-4D94-8D79-8AF26EBBBC74}
	EndGlobalSection
	GlobalSection(ExtensibilityGlobals) = postSolution
		SolutionGuid = {1EFB45AE-445F-43F0-A687-F89DC08CCA8E}
	EndGlobalSection
EndGlobal
